
Microsoft Visual Studio Solution File, Format Version 12.00
# Visual Studio Version 17
VisualStudioVersion = 17.3.32922.545
MinimumVisualStudioVersion = 10.0.40219.1
Project("{FAE04EC0-301F-11D3-BF4B-00C04F79EFBC}") = "VacancyParcer", "VacancyParcer\VacancyParcer.csproj", "{1EB5B87F-9ED5-45F2-B628-495288E62A39}"
EndProject
Global
	GlobalSection(SolutionConfigurationPlatforms) = preSolution
		Debug|Any CPU = Debug|Any CPU
		Release|Any CPU = Release|Any CPU
	EndGlobalSection
	GlobalSection(ProjectConfigurationPlatforms) = postSolution
		{1EB5B87F-9ED5-45F2-B628-495288E62A39}.Debug|Any CPU.ActiveCfg = Debug|Any CPU
		{1EB5B87F-9ED5-45F2-B628-495288E62A39}.Debug|Any CPU.Build.0 = Debug|Any CPU
		{1EB5B87F-9ED5-45F2-B628-495288E62A39}.Release|Any CPU.ActiveCfg = Release|Any CPU
		{1EB5B87F-9ED5-45F2-B628-495288E62A39}.Release|Any CPU.Build.0 = Release|Any CPU
	EndGlobalSection
	GlobalSection(SolutionProperties) = preSolution
		HideSolutionNode = FALSE
	EndGlobalSection
	GlobalSection(ExtensibilityGlobals) = postSolution
		SolutionGuid = {21EC5BB5-B000-4468-8D1E-46142A605AFF}
	EndGlobalSection
EndGlobal
